Microsoft Visual Studio Solution File, Format Version 12.00
# Visual Studio 2012
Project("{2150E333-8FDC-42A3-9474-1A3956D46DE8}") = ".paket", ".paket", "{63297B98-5CED-492C-A5B7-A5B4F73CF142}"
	ProjectSection(SolutionItems) = preProject
		paket.dependencies = paket.dependencies
		paket.lock = paket.lock
	EndProjectSection
EndProject
Project("{2150E333-8FDC-42A3-9474-1A3956D46DE8}") = "docs", "docs", "{A6A6AF7D-D6E3-442D-9B1E-58CC91879BE1}"
EndProject
Project("{F2A71F9B-5D33-465A-A702-920D77279786}") = "FCore", "src\FCore\FCore.fsproj", "{949BEAFD-6F65-42AB-B4EF-BFF6DBC29C8E}"
EndProject
Project("{2150E333-8FDC-42A3-9474-1A3956D46DE8}") = "project", "project", "{BF60BC93-E09B-4E5F-9D85-95A519479D54}"
	ProjectSection(SolutionItems) = preProject
		build.fsx = build.fsx
		build1.fsx = build1.fsx
		README.md = README.md
		RELEASE_NOTES.md = RELEASE_NOTES.md
	EndProjectSection
EndProject
Project("{2150E333-8FDC-42A3-9474-1A3956D46DE8}") = "tools", "tools", "{83F16175-43B1-4C90-A1EE-8E351C33435D}"
	ProjectSection(SolutionItems) = preProject
		docs\tools\generate.fsx = docs\tools\generate.fsx
		docs\tools\templates\template.cshtml = docs\tools\templates\template.cshtml
	EndProjectSection
EndProject
Project("{2150E333-8FDC-42A3-9474-1A3956D46DE8}") = "content", "content", "{8E6D5255-776D-4B61-85F9-73C37AA1FB9A}"
	ProjectSection(SolutionItems) = preProject
		docs\content\index.fsx = docs\content\index.fsx
		docs\content\tutorial.fsx = docs\content\tutorial.fsx
	EndProjectSection
EndProject
Project("{2150E333-8FDC-42A3-9474-1A3956D46DE8}") = "tests", "tests", "{ED8079DD-2B06-4030-9F0F-DC548F98E1C4}"
EndProject
Project("{F2A71F9B-5D33-465A-A702-920D77279786}") = "FCore.Tests", "tests\FCore.Tests\FCore.Tests.fsproj", "{9405B5E0-05C7-4B39-AB28-8E1895B3D7E3}"
EndProject
Project("{8BC9CEB8-8B4A-11D0-8D11-00A0C91BC942}") = "FCore.MKL", "src\FCore.MKL\FCore.MKL.vcxproj", "{A63D210B-E21F-40FA-83A2-8E38FA3545C9}"
EndProject
Global
	GlobalSection(SolutionConfigurationPlatforms) = preSolution
		Debug|Any CPU = Debug|Any CPU
		Debug|Mixed Platforms = Debug|Mixed Platforms
		Debug|Win32 = Debug|Win32
		Release|Any CPU = Release|Any CPU
		Release|Mixed Platforms = Release|Mixed Platforms
		Release|Win32 = Release|Win32
	EndGlobalSection
	GlobalSection(ProjectConfigurationPlatforms) = postSolution
		{949BEAFD-6F65-42AB-B4EF-BFF6DBC29C8E}.Debug|Any CPU.ActiveCfg = Debug|Any CPU
		{949BEAFD-6F65-42AB-B4EF-BFF6DBC29C8E}.Debug|Any CPU.Build.0 = Debug|Any CPU
		{949BEAFD-6F65-42AB-B4EF-BFF6DBC29C8E}.Debug|Mixed Platforms.ActiveCfg = Debug|Any CPU
		{949BEAFD-6F65-42AB-B4EF-BFF6DBC29C8E}.Debug|Mixed Platforms.Build.0 = Debug|Any CPU
		{949BEAFD-6F65-42AB-B4EF-BFF6DBC29C8E}.Debug|Win32.ActiveCfg = Debug|Any CPU
		{949BEAFD-6F65-42AB-B4EF-BFF6DBC29C8E}.Release|Any CPU.ActiveCfg = Release|Any CPU
		{949BEAFD-6F65-42AB-B4EF-BFF6DBC29C8E}.Release|Any CPU.Build.0 = Release|Any CPU
		{949BEAFD-6F65-42AB-B4EF-BFF6DBC29C8E}.Release|Mixed Platforms.ActiveCfg = Release|Any CPU
		{949BEAFD-6F65-42AB-B4EF-BFF6DBC29C8E}.Release|Mixed Platforms.Build.0 = Release|Any CPU
		{949BEAFD-6F65-42AB-B4EF-BFF6DBC29C8E}.Release|Win32.ActiveCfg = Release|Any CPU
		{9405B5E0-05C7-4B39-AB28-8E1895B3D7E3}.Debug|Any CPU.ActiveCfg = Debug|Any CPU
		{9405B5E0-05C7-4B39-AB28-8E1895B3D7E3}.Debug|Any CPU.Build.0 = Debug|Any CPU
		{9405B5E0-05C7-4B39-AB28-8E1895B3D7E3}.Debug|Mixed Platforms.ActiveCfg = Debug|Any CPU
		{9405B5E0-05C7-4B39-AB28-8E1895B3D7E3}.Debug|Mixed Platforms.Build.0 = Debug|Any CPU
		{9405B5E0-05C7-4B39-AB28-8E1895B3D7E3}.Debug|Win32.ActiveCfg = Debug|Any CPU
		{9405B5E0-05C7-4B39-AB28-8E1895B3D7E3}.Release|Any CPU.ActiveCfg = Release|Any CPU
		{9405B5E0-05C7-4B39-AB28-8E1895B3D7E3}.Release|Any CPU.Build.0 = Release|Any CPU
		{9405B5E0-05C7-4B39-AB28-8E1895B3D7E3}.Release|Mixed Platforms.ActiveCfg = Release|Any CPU
		{9405B5E0-05C7-4B39-AB28-8E1895B3D7E3}.Release|Mixed Platforms.Build.0 = Release|Any CPU
		{9405B5E0-05C7-4B39-AB28-8E1895B3D7E3}.Release|Win32.ActiveCfg = Release|Any CPU
		{A63D210B-E21F-40FA-83A2-8E38FA3545C9}.Debug|Any CPU.ActiveCfg = Debug|Win32
		{A63D210B-E21F-40FA-83A2-8E38FA3545C9}.Debug|Mixed Platforms.ActiveCfg = Debug|Win32
		{A63D210B-E21F-40FA-83A2-8E38FA3545C9}.Debug|Mixed Platforms.Build.0 = Debug|Win32
		{A63D210B-E21F-40FA-83A2-8E38FA3545C9}.Debug|Win32.ActiveCfg = Debug|Win32
		{A63D210B-E21F-40FA-83A2-8E38FA3545C9}.Debug|Win32.Build.0 = Debug|Win32
		{A63D210B-E21F-40FA-83A2-8E38FA3545C9}.Release|Any CPU.ActiveCfg = Release|Win32
		{A63D210B-E21F-40FA-83A2-8E38FA3545C9}.Release|Mixed Platforms.ActiveCfg = Release|Win32
		{A63D210B-E21F-40FA-83A2-8E38FA3545C9}.Release|Mixed Platforms.Build.0 = Release|Win32
		{A63D210B-E21F-40FA-83A2-8E38FA3545C9}.Release|Win32.ActiveCfg = Release|Win32
		{A63D210B-E21F-40FA-83A2-8E38FA3545C9}.Release|Win32.Build.0 = Release|Win32
	EndGlobalSection
	GlobalSection(SolutionProperties) = preSolution
		HideSolutionNode = FALSE
	EndGlobalSection
	GlobalSection(NestedProjects) = preSolution
		{83F16175-43B1-4C90-A1EE-8E351C33435D} = {A6A6AF7D-D6E3-442D-9B1E-58CC91879BE1}
		{8E6D5255-776D-4B61-85F9-73C37AA1FB9A} = {A6A6AF7D-D6E3-442D-9B1E-58CC91879BE1}
		{9405B5E0-05C7-4B39-AB28-8E1895B3D7E3} = {ED8079DD-2B06-4030-9F0F-DC548F98E1C4}
	EndGlobalSection
EndGlobal
